{
  "originHash" : "58e9c44b93de3f1031691f676305e0c70e5c06fb677120802185ad841b046367",
  "pins" : [
    {
      "identity" : "swift-argument-parser",
      "kind" : "remoteSourceControl",
      "location" : "https://github.com/apple/swift-argument-parser",
      "state" : {
        "revision" : "6a52f3251125d74daf04fcbd5e6f08a75d074382",
        "version" : "1.8.2"
      }
    },
    {
      "identity" : "swiftterm",
      "kind" : "remoteSourceControl",
      "location" : "https://github.com/migueldeicaza/SwiftTerm",
      "state" : {
        "revision" : "c590a52ef866c163cdc157d07312cb5118f3c9b2"
      }
    }
  ],
  "version" : 3
}
